{
  "name": "PoC",
  "lockfileVersion": 3,
  "requires": true,
  "packages": {
    "": {
      "dependencies": {
        "threebox-plugin": "^2.2.7"
      }
    },
    "node_modules/threebox-plugin": {
      "version": "2.2.7",
      "resolved": "https://registry.npmjs.org/threebox-plugin/-/threebox-plugin-2.2.7.tgz",
      "integrity": "sha512-H87Nm4w1PfisHPHzavTGXlwIoJpx2+QU57GooQYIhF51lsg+U5A0KGf3Jrv/HWsLCGOwV2BTnv7UTLfpO1EccQ=="
    }
  }
}
